
Microsoft Visual Studio Solution File, Format Version 12.00
# Visual Studio Version 17
VisualStudioVersion = 17.14.36915.13 d17.14
MinimumVisualStudioVersion = 10.0.40219.1
Project("{FAE04EC0-301F-11D3-BF4B-00C04F79EFBC}") = "BasicAuthentication", "BasicAuthentication.csproj", "{BC51F156-4220-47FD-BB9C-6B54D59D1C30}"
EndProject
Global
	GlobalSection(SolutionConfigurationPlatforms) = preSolution
		Debug|Any CPU = Debug|Any CPU
		Release|Any CPU = Release|Any CPU
	EndGlobalSection
	GlobalSection(ProjectConfigurationPlatforms) = postSolution
		{BC51F156-4220-47FD-BB9C-6B54D59D1C30}.Debug|Any CPU.ActiveCfg = Debug|Any CPU
		{BC51F156-4220-47FD-BB9C-6B54D59D1C30}.Debug|Any CPU.Build.0 = Debug|Any CPU
		{BC51F156-4220-47FD-BB9C-6B54D59D1C30}.Release|Any CPU.ActiveCfg = Release|Any CPU
		{BC51F156-4220-47FD-BB9C-6B54D59D1C30}.Release|Any CPU.Build.0 = Release|Any CPU
	EndGlobalSection
	GlobalSection(SolutionProperties) = preSolution
		HideSolutionNode = FALSE
	EndGlobalSection
	GlobalSection(ExtensibilityGlobals) = postSolution
		SolutionGuid = {BE54A933-C5CF-4F68-9CC4-2C1F6535932E}
	EndGlobalSection
EndGlobal
